// !$*UTF8*$!
{
	archiveVersion = 1;
	classes = {
	};
	objectVersion = 56;
	objects = {

/* Begin PBXBuildFile section */
		44684F3C2A0DA3260099F628 /* WidgetAppApp.swift in Sources */ = {isa = PBXBuildFile; fileRef = 44684F3B2A0DA3260099F628 /* WidgetAppApp.swift */; };
		44684F3E2A0DA3260099F628 /* ContentView.swift in Sources */ = {isa = PBXBuildFile; fileRef = 44684F3D2A0DA3260099F628 /* ContentView.swift */; };
		44684F402A0DA3270099F628 /* Assets.xcassets in Resources */ = {isa = PBXBuildFile; fileRef = 44684F3F2A0DA3270099F628 /* Assets.xcassets */; };
		44684F432A0DA3270099F628 /* Preview Assets.xcassets in Resources */ = {isa = PBXBuildFile; fileRef = 44684F422A0DA3270099F628 /* Preview Assets.xcassets */; };
		44684F502A0DA3A40099F628 /* WidgetKit.framework in Frameworks */ = {isa = PBXBuildFile; fileRef = 44684F4F2A0DA3A40099F628 /* WidgetKit.framework */; };
		44684F522A0DA3A40099F628 /* SwiftUI.framework in Frameworks */ = {isa = PBXBuildFile; fileRef = 44684F512A0DA3A40099F628 /* SwiftUI.framework */; };
		44684F552A0DA3A40099F628 /* MyWidgetBundle.swift in Sources */ = {isa = PBXBuildFile; fileRef = 44684F542A0DA3A40099F628 /* MyWidgetBundle.swift */; };
		44684F572A0DA3A40099F628 /* MyWidget.swift in Sources */ = {isa = PBXBuildFile; fileRef = 44684F562A0DA3A40099F628 /* MyWidget.swift */; };
		44684F592A0DA3A50099F628 /* Assets.xcassets in Resources */ = {isa = PBXBuildFile; fileRef = 44684F582A0DA3A50099F628 /* Assets.xcassets */; };
		44684F5D2A0DA3A50099F628 /* MyWidgetExtension.appex in Embed Foundation Extensions */ = {isa = PBXBuildFile; fileRef = 44684F4D2A0DA3A40099F628 /* MyWidgetExtension.appex */; settings = {ATTRIBUTES = (RemoveHeadersOnCopy, ); }; };
/* End PBXBuildFile section */

/* Begin PBXContainerItemProxy section */
		44684F5B2A0DA3A50099F628 /* PBXContainerItemProxy */ = {
			isa = PBXContainerItemProxy;
			containerPortal = 44684F302A0DA3260099F628 /* Project object */;
			proxyType = 1;
			remoteGlobalIDString = 44684F4C2A0DA3A40099F628;
			remoteInfo = MyWidgetExtension;
		};
/* End PBXContainerItemProxy section */

/* Begin PBXCopyFilesBuildPhase section */
		44684F612A0DA3A50099F628 /* Embed Foundation Extensions */ = {
			isa = PBXCopyFilesBuildPhase;
			buildActionMask = 2147483647;
			dstPath = "";
			dstSubfolderSpec = 13;
			files = (
				44684F5D2A0DA3A50099F628 /* MyWidgetExtension.appex in Embed Foundation Extensions */,
			);
			name = "Embed Foundation Extensions";
			runOnlyForDeploymentPostprocessing = 0;
		};
/* End PBXCopyFilesBuildPhase section */

/* Begin PBXFileReference section */
		44684F382A0DA3260099F628 /* WidgetApp.app */ = {isa = PBXFileReference; explicitFileType = wrapper.application; includeInIndex = 0; path = WidgetApp.app; sourceTree = BUILT_PRODUCTS_DIR; };
		44684F3B2A0DA3260099F628 /* WidgetAppApp.swift */ = {isa = PBXFileReference; lastKnownFileType = sourcecode.swift; path = WidgetAppApp.swift; sourceTree = "<group>"; };
		44684F3D2A0DA3260099F628 /* ContentView.swift */ = {isa = PBXFileReference; lastKnownFileType = sourcecode.swift; path = ContentView.swift; sourceTree = "<group>"; };
		44684F3F2A0DA3270099F628 /* Assets.xcassets */ = {isa = PBXFileReference; lastKnownFileType = folder.assetcatalog; path = Assets.xcassets; sourceTree = "<group>"; };
		44684F422A0DA3270099F628 /* Preview Assets.xcassets */ = {isa = PBXFileReference; lastKnownFileType = folder.assetcatalog; path = "Preview Assets.xcassets"; sourceTree = "<group>"; };
		44684F4D2A0DA3A40099F628 /* MyWidgetExtension.appex */ = {isa = PBXFileReference; explicitFileType = "wrapper.app-extension"; includeInIndex = 0; path = MyWidgetExtension.appex; sourceTree = BUILT_PRODUCTS_DIR; };
		44684F4F2A0DA3A40099F628 /* WidgetKit.framework */ = {isa = PBXFileReference; lastKnownFileType = wrapper.framework; name = WidgetKit.framework; path = System/Library/Frameworks/WidgetKit.framework; sourceTree = SDKROOT; };
		44684F512A0DA3A40099F628 /* SwiftUI.framework */ = {isa = PBXFileReference; lastKnownFileType = wrapper.framework; name = SwiftUI.framework; path = System/Library/Frameworks/SwiftUI.framework; sourceTree = SDKROOT; };
		44684F542A0DA3A40099F628 /* MyWidgetBundle.swift */ = {isa = PBXFileReference; lastKnownFileType = sourcecode.swift; path = MyWidgetBundle.swift; sourceTree = "<group>"; };
		44684F562A0DA3A40099F628 /* MyWidget.swift */ = {isa = PBXFileReference; lastKnownFileType = sourcecode.swift; path = MyWidget.swift; sourceTree = "<group>"; };
		44684F582A0DA3A50099F628 /* Assets.xcassets */ = {isa = PBXFileReference; lastKnownFileType = folder.assetcatalog; path = Assets.xcassets; sourceTree = "<group>"; };
		44684F5A2A0DA3A50099F628 /* Info.plist */ = {isa = PBXFileReference; lastKnownFileType = text.plist.xml; path = Info.plist; sourceTree = "<group>"; };
/* End PBXFileReference section */

/* Begin PBXFrameworksBuildPhase section */
		44684F352A0DA3260099F628 /* Frameworks */ = {
			isa = PBXFrameworksBuildPhase;
			buildActionMask = 2147483647;
			files = (
			);
			runOnlyForDeploymentPostprocessing = 0;
		};
		44684F4A2A0DA3A40099F628 /* Frameworks */ = {
			isa = PBXFrameworksBuildPhase;
			buildActionMask = 2147483647;
			files = (
				44684F522A0DA3A40099F628 /* SwiftUI.framework in Frameworks */,
				44684F502A0DA3A40099F628 /* WidgetKit.framework in Frameworks */,
			);
			runOnlyForDeploymentPostprocessing = 0;
		};
/* End PBXFrameworksBuildPhase section */

/* Begin PBXGroup section */
		44684F2F2A0DA3260099F628 = {
			isa = PBXGroup;
			children = (
				44684F3A2A0DA3260099F628 /* WidgetApp */,
				44684F532A0DA3A40099F628 /* MyWidget */,
				44684F4E2A0DA3A40099F628 /* Frameworks */,
				44684F392A0DA3260099F628 /* Products */,
			);
			sourceTree = "<group>";
		};
		44684F392A0DA3260099F628 /* Products */ = {
			isa = PBXGroup;
			children = (
				44684F382A0DA3260099F628 /* WidgetApp.app */,
				44684F4D2A0DA3A40099F628 /* MyWidgetExtension.appex */,
			);
			name = Products;
			sourceTree = "<group>";
		};
		44684F3A2A0DA3260099F628 /* WidgetApp */ = {
			isa = PBXGroup;
			children = (
				44684F3B2A0DA3260099F628 /* WidgetAppApp.swift */,
				44684F3D2A0DA3260099F628 /* ContentView.swift */,
				44684F3F2A0DA3270099F628 /* Assets.xcassets */,
				44684F412A0DA3270099F628 /* Preview Content */,
			);
			path = WidgetApp;
			sourceTree = "<group>";
		};
		44684F412A0DA3270099F628 /* Preview Content */ = {
			isa = PBXGroup;
			children = (
				44684F422A0DA3270099F628 /* Preview Assets.xcassets */,
			);
			path = "Preview Content";
			sourceTree = "<group>";
		};
		44684F4E2A0DA3A40099F628 /* Frameworks */ = {
			isa = PBXGroup;
			children = (
				44684F4F2A0DA3A40099F628 /* WidgetKit.framework */,
				44684F512A0DA3A40099F628 /* SwiftUI.framework */,
			);
			name = Frameworks;
			sourceTree = "<group>";
		};
		44684F532A0DA3A40099F628 /* MyWidget */ = {
			isa = PBXGroup;
			children = (
				44684F542A0DA3A40099F628 /* MyWidgetBundle.swift */,
				44684F562A0DA3A40099F628 /* MyWidget.swift */,
				44684F582A0DA3A50099F628 /* Assets.xcassets */,
				44684F5A2A0DA3A50099F628 /* Info.plist */,
			);
			path = MyWidget;
			sourceTree = "<group>";
		};
/* End PBXGroup section */

/* Begin PBXNativeTarget section */
		44684F372A0DA3260099F628 /* WidgetApp */ = {
			isa = PBXNativeTarget;
			buildConfigurationList = 44684F462A0DA3270099F628 /* Build configuration list for PBXNativeTarget "WidgetApp" */;
			buildPhases = (
				44684F342A0DA3260099F628 /* Sources */,
				44684F352A0DA3260099F628 /* Frameworks */,
				44684F362A0DA3260099F628 /* Resources */,
				44684F612A0DA3A50099F628 /* Embed Foundation Extensions */,
			);
			buildRules = (
			);
			dependencies = (
				44684F5C2A0DA3A50099F628 /* PBXTargetDependency */,
			);
			name = WidgetApp;
			productName = WidgetApp;
			productReference = 44684F382A0DA3260099F628 /* WidgetApp.app */;
			productType = "com.apple.product-type.application";
		};
		44684F4C2A0DA3A40099F628 /* MyWidgetExtension */ = {
			isa = PBXNativeTarget;
			buildConfigurationList = 44684F5E2A0DA3A50099F628 /* Build configuration list for PBXNativeTarget "MyWidgetExtension" */;
			buildPhases = (
				44684F492A0DA3A40099F628 /* Sources */,
				44684F4A2A0DA3A40099F628 /* Frameworks */,
				44684F4B2A0DA3A40099F628 /* Resources */,
			);
			buildRules = (
			);
			dependencies = (
			);
			name = MyWidgetExtension;
			productName = MyWidgetExtension;
			productReference = 44684F4D2A0DA3A40099F628 /* MyWidgetExtension.appex */;
			productType = "com.apple.product-type.app-extension";
		};
/* End PBXNativeTarget section */

/* Begin PBXProject section */
		44684F302A0DA3260099F628 /* Project object */ = {
			isa = PBXProject;
			attributes = {
				BuildIndependentTargetsInParallel = 1;
				LastSwiftUpdateCheck = 1430;
				LastUpgradeCheck = 1430;
				TargetAttributes = {
					44684F372A0DA3260099F628 = {
						CreatedOnToolsVersion = 14.3;
					};
					44684F4C2A0DA3A40099F628 = {
						CreatedOnToolsVersion = 14.3;
					};
				};
			};
			buildConfigurationList = 44684F332A0DA3260099F628 /* Build configuration list for PBXProject "WidgetApp" */;
			compatibilityVersion = "Xcode 14.0";
			developmentRegion = en;
			hasScannedForEncodings = 0;
			knownRegions = (
				en,
				Base,
			);
			mainGroup = 44684F2F2A0DA3260099F628;
			productRefGroup = 44684F392A0DA3260099F628 /* Products */;
			projectDirPath = "";
			projectRoot = "";
			targets = (
				44684F372A0DA3260099F628 /* WidgetApp */,
				44684F4C2A0DA3A40099F628 /* MyWidgetExtension */,
			);
		};
/* End PBXProject section */

/* Begin PBXResourcesBuildPhase section */
		44684F362A0DA3260099F628 /* Resources */ = {
			isa = PBXResourcesBuildPhase;
			buildActionMask = 2147483647;
			files = (
				44684F432A0DA3270099F628 /* Preview Assets.xcassets in Resources */,
				44684F402A0DA3270099F628 /* Assets.xcassets in Resources */,
			);
			runOnlyForDeploymentPostprocessing = 0;
		};
		44684F4B2A0DA3A40099F628 /* Resources */ = {
			isa = PBXResourcesBuildPhase;
			buildActionMask = 2147483647;
			files = (
				44684F592A0DA3A50099F628 /* Assets.xcassets in Resources */,
			);
			runOnlyForDeploymentPostprocessing = 0;
		};
/* End PBXResourcesBuildPhase section */

/* Begin PBXSourcesBuildPhase section */
		44684F342A0DA3260099F628 /* Sources */ = {
			isa = PBXSourcesBuildPhase;
			buildActionMask = 2147483647;
			files = (
				44684F3E2A0DA3260099F628 /* ContentView.swift in Sources */,
				44684F3C2A0DA3260099F628 /* WidgetAppApp.swift in Sources */,
			);
			runOnlyForDeploymentPostprocessing = 0;
		};
		44684F492A0DA3A40099F628 /* Sources */ = {
			isa = PBXSourcesBuildPhase;
			buildActionMask = 2147483647;
			files = (
				44684F552A0DA3A40099F628 /* MyWidgetBundle.swift in Sources */,
				44684F572A0DA3A40099F628 /* MyWidget.swift in Sources */,
			);
			runOnlyForDeploymentPostprocessing = 0;
		};
/* End PBXSourcesBuildPhase section */

/* Begin PBXTargetDependency section */
		44684F5C2A0DA3A50099F628 /* PBXTargetDependency */ = {
			isa = PBXTargetDependency;
			target = 44684F4C2A0DA3A40099F628 /* MyWidgetExtension */;
			targetProxy = 44684F5B2A0DA3A50099F628 /* PBXContainerItemProxy */;
		};
/* End PBXTargetDependency section */

/* Begin XCBuildConfiguration section */
		44684F442A0DA3270099F628 /* Debug */ = {
			isa = XCBuildConfiguration;
			buildSettings = {
				ALWAYS_SEARCH_USER_PATHS = NO;
				CLANG_ANALYZER_NONNULL = YES;
				CLANG_ANALYZER_NUMBER_OBJECT_CONVERSION = YES_AGGRESSIVE;
				CLANG_CXX_LANGUAGE_STANDARD = "gnu++20";
				CLANG_ENABLE_MODULES = YES;
				CLANG_ENABLE_OBJC_ARC = YES;
				CLANG_ENABLE_OBJC_WEAK = YES;
				CLANG_WARN_BLOCK_CAPTURE_AUTORELEASING = YES;
				CLANG_WARN_BOOL_CONVERSION = YES;
				CLANG_WARN_COMMA = YES;
				CLANG_WARN_CONSTANT_CONVERSION = YES;
				CLANG_WARN_DEPRECATED_OBJC_IMPLEMENTATIONS = YES;
				CLANG_WARN_DIRECT_OBJC_ISA_USAGE = YES_ERROR;
				CLANG_WARN_DOCUMENTATION_COMMENTS = YES;
				CLANG_WARN_EMPTY_BODY = YES;
				CLANG_WARN_ENUM_CONVERSION = YES;
				CLANG_WARN_INFINITE_RECURSION = YES;
				CLANG_WARN_INT_CONVERSION = YES;
				CLANG_WARN_NON_LITERAL_NULL_CONVERSION = YES;
				CLANG_WARN_OBJC_IMPLICIT_RETAIN_SELF = YES;
				CLANG_WARN_OBJC_LITERAL_CONVERSION = YES;
				CLANG_WARN_OBJC_ROOT_CLASS = YES_ERROR;
				CLANG_WARN_QUOTED_INCLUDE_IN_FRAMEWORK_HEADER = YES;
				CLANG_WARN_RANGE_LOOP_ANALYSIS = YES;
				CLANG_WARN_STRICT_PROTOTYPES = YES;
				CLANG_WARN_SUSPICIOUS_MOVE = YES;
				CLANG_WARN_UNGUARDED_AVAILABILITY = YES_AGGRESSIVE;
				CLANG_WARN_UNREACHABLE_CODE = YES;
				CLANG_WARN__DUPLICATE_METHOD_MATCH = YES;
				COPY_PHASE_STRIP = NO;
				DEBUG_INFORMATION_FORMAT = dwarf;
				ENABLE_STRICT_OBJC_MSGSEND = YES;
				ENABLE_TESTABILITY = YES;
				GCC_C_LANGUAGE_STANDARD = gnu11;
				GCC_DYNAMIC_NO_PIC = NO;
				GCC_NO_COMMON_BLOCKS = YES;
				GCC_OPTIMIZATION_LEVEL = 0;
				GCC_PREPROCESSOR_DEFINITIONS = (
					"DEBUG=1",
					"$(inherited)",
				);
				GCC_WARN_64_TO_32_BIT_CONVERSION = YES;
				GCC_WARN_ABOUT_RETURN_TYPE = YES_ERROR;
				GCC_WARN_UNDECLARED_SELECTOR = YES;
				GCC_WARN_UNINITIALIZED_AUTOS = YES_AGGRESSIVE;
				GCC_WARN_UNUSED_FUNCTION = YES;
				GCC_WARN_UNUSED_VARIABLE = YES;
				IPHONEOS_DEPLOYMENT_TARGET = 16.4;
				MTL_ENABLE_DEBUG_INFO = INCLUDE_SOURCE;
				MTL_FAST_MATH = YES;
				ONLY_ACTIVE_ARCH = YES;
				SDKROOT = iphoneos;
				SWIFT_ACTIVE_COMPILATION_CONDITIONS = DEBUG;
				SWIFT_OPTIMIZATION_LEVEL = "-Onone";
			};
			name = Debug;
		};
		44684F452A0DA3270099F628 /* Release */ = {
			isa = XCBuildConfiguration;
			buildSettings = {
				ALWAYS_SEARCH_USER_PATHS = NO;
				CLANG_ANALYZER_NONNULL = YES;
				CLANG_ANALYZER_NUMBER_OBJECT_CONVERSION = YES_AGGRESSIVE;
				CLANG_CXX_LANGUAGE_STANDARD = "gnu++20";
				CLANG_ENABLE_MODULES = YES;
				CLANG_ENABLE_OBJC_ARC = YES;
				CLANG_ENABLE_OBJC_WEAK = YES;
				CLANG_WARN_BLOCK_CAPTURE_AUTORELEASING = YES;
				CLANG_WARN_BOOL_CONVERSION = YES;
				CLANG_WARN_COMMA = YES;
				CLANG_WARN_CONSTANT_CONVERSION = YES;
				CLANG_WARN_DEPRECATED_OBJC_IMPLEMENTATIONS = YES;
				CLANG_WARN_DIRECT_OBJC_ISA_USAGE = YES_ERROR;
				CLANG_WARN_DOCUMENTATION_COMMENTS = YES;
				CLANG_WARN_EMPTY_BODY = YES;
				CLANG_WARN_ENUM_CONVERSION = YES;
				CLANG_WARN_INFINITE_RECURSION = YES;
				CLANG_WARN_INT_CONVERSION = YES;
				CLANG_WARN_NON_LITERAL_NULL_CONVERSION = YES;
				CLANG_WARN_OBJC_IMPLICIT_RETAIN_SELF = YES;
				CLANG_WARN_OBJC_LITERAL_CONVERSION = YES;
				CLANG_WARN_OBJC_ROOT_CLASS = YES_ERROR;
				CLANG_WARN_QUOTED_INCLUDE_IN_FRAMEWORK_HEADER = YES;
				CLANG_WARN_RANGE_LOOP_ANALYSIS = YES;
				CLANG_WARN_STRICT_PROTOTYPES = YES;
				CLANG_WARN_SUSPICIOUS_MOVE = YES;
				CLANG_WARN_UNGUARDED_AVAILABILITY = YES_AGGRESSIVE;
				CLANG_WARN_UNREACHABLE_CODE = YES;
				CLANG_WARN__DUPLICATE_METHOD_MATCH = YES;
				COPY_PHASE_STRIP = NO;
				DEBUG_INFORMATION_FORMAT = "dwarf-with-dsym";
				ENABLE_NS_ASSERTIONS = NO;
				ENABLE_STRICT_OBJC_MSGSEND = YES;
				GCC_C_LANGUAGE_STANDARD = gnu11;
				GCC_NO_COMMON_BLOCKS = YES;
				GCC_WARN_64_TO_32_BIT_CONVERSION = YES;
				GCC_WARN_ABOUT_RETURN_TYPE = YES_ERROR;
				GCC_WARN_UNDECLARED_SELECTOR = YES;
				GCC_WARN_UNINITIALIZED_AUTOS = YES_AGGRESSIVE;
				GCC_WARN_UNUSED_FUNCTION = YES;
				GCC_WARN_UNUSED_VARIABLE = YES;
				IPHONEOS_DEPLOYMENT_TARGET = 16.4;
				MTL_ENABLE_DEBUG_INFO = NO;
				MTL_FAST_MATH = YES;
				SDKROOT = iphoneos;
				SWIFT_COMPILATION_MODE = wholemodule;
				SWIFT_OPTIMIZATION_LEVEL = "-O";
				VALIDATE_PRODUCT = YES;
			};
			name = Release;
		};
		44684F472A0DA3270099F628 /* Debug */ = {
			isa = XCBuildConfiguration;
			buildSettings = {
				ALWAYS_EMBED_SWIFT_STANDARD_LIBRARIES = YES;
				ASSETCATALOG_COMPILER_APPICON_NAME = AppIcon;
				ASSETCATALOG_COMPILER_GLOBAL_ACCENT_COLOR_NAME = AccentColor;
				CODE_SIGN_STYLE = Automatic;
				CURRENT_PROJECT_VERSION = 1;
				DEVELOPMENT_ASSET_PATHS = "\"WidgetApp/Preview Content\"";
				DEVELOPMENT_TEAM = 79LJBK86Y4;
				ENABLE_PREVIEWS = YES;
				GENERATE_INFOPLIST_FILE = YES;
				INFOPLIST_KEY_UIApplicationSceneManifest_Generation = YES;
				INFOPLIST_KEY_UIApplicationSupportsIndirectInputEvents = YES;
				INFOPLIST_KEY_UILaunchScreen_Generation = YES;
				INFOPLIST_KEY_UISupportedInterfaceOrientations_iPad = "UIInterfaceOrientationPortrait UIInterfaceOrientationPortraitUpsideDown UIInterfaceOrientationLandscapeLeft UIInterfaceOrientationLandscapeRight";
				INFOPLIST_KEY_UISupportedInterfaceOrientations_iPhone = "UIInterfaceOrientationPortrait UIInterfaceOrientationLandscapeLeft UIInterfaceOrientationLandscapeRight";
				LD_RUNPATH_SEARCH_PATHS = (
					"$(inherited)",
					"@executable_path/Frameworks",
				);
				MARKETING_VERSION = 1.0;
				PRODUCT_BUNDLE_IDENTIFIER = com.donaldo.WidgetApp;
				PRODUCT_NAME = "$(TARGET_NAME)";
				SWIFT_EMIT_LOC_STRINGS = YES;
				SWIFT_VERSION = 5.0;
				TARGETED_DEVICE_FAMILY = "1,2";
			};
			name = Debug;
		};
		44684F482A0DA3270099F628 /* Release */ = {
			isa = XCBuildConfiguration;
			buildSettings = {
				ALWAYS_EMBED_SWIFT_STANDARD_LIBRARIES = YES;
				ASSETCATALOG_COMPILER_APPICON_NAME = AppIcon;
				ASSETCATALOG_COMPILER_GLOBAL_ACCENT_COLOR_NAME = AccentColor;
				CODE_SIGN_STYLE = Automatic;
				CURRENT_PROJECT_VERSION = 1;
				DEVELOPMENT_ASSET_PATHS = "\"WidgetApp/Preview Content\"";
				DEVELOPMENT_TEAM = 79LJBK86Y4;
				ENABLE_PREVIEWS = YES;
				GENERATE_INFOPLIST_FILE = YES;
				INFOPLIST_KEY_UIApplicationSceneManifest_Generation = YES;
				INFOPLIST_KEY_UIApplicationSupportsIndirectInputEvents = YES;
				INFOPLIST_KEY_UILaunchScreen_Generation = YES;
				INFOPLIST_KEY_UISupportedInterfaceOrientations_iPad = "UIInterfaceOrientationPortrait UIInterfaceOrientationPortraitUpsideDown UIInterfaceOrientationLandscapeLeft UIInterfaceOrientationLandscapeRight";
				INFOPLIST_KEY_UISupportedInterfaceOrientations_iPhone = "UIInterfaceOrientationPortrait UIInterfaceOrientationLandscapeLeft UIInterfaceOrientationLandscapeRight";
				LD_RUNPATH_SEARCH_PATHS = (
					"$(inherited)",
					"@executable_path/Frameworks",
				);
				MARKETING_VERSION = 1.0;
				PRODUCT_BUNDLE_IDENTIFIER = com.donaldo.WidgetApp;
				PRODUCT_NAME = "$(TARGET_NAME)";
				SWIFT_EMIT_LOC_STRINGS = YES;
				SWIFT_VERSION = 5.0;
				TARGETED_DEVICE_FAMILY = "1,2";
			};
			name = Release;
		};
		44684F5F2A0DA3A50099F628 /* Debug */ = {
			isa = XCBuildConfiguration;
			buildSettings = {
				ASSETCATALOG_COMPILER_GLOBAL_ACCENT_COLOR_NAME = AccentColor;
				ASSETCATALOG_COMPILER_WIDGET_BACKGROUND_COLOR_NAME = WidgetBackground;
				CODE_SIGN_STYLE = Automatic;
				CURRENT_PROJECT_VERSION = 1;
				DEVELOPMENT_TEAM = 79LJBK86Y4;
				GENERATE_INFOPLIST_FILE = YES;
				INFOPLIST_FILE = MyWidget/Info.plist;
				INFOPLIST_KEY_CFBundleDisplayName = MyWidget;
				INFOPLIST_KEY_NSHumanReadableCopyright = "";
				LD_RUNPATH_SEARCH_PATHS = (
					"$(inherited)",
					"@executable_path/Frameworks",
					"@executable_path/../../Frameworks",
				);
				MARKETING_VERSION = 1.0;
				PRODUCT_BUNDLE_IDENTIFIER = com.donaldo.WidgetApp.MyWidget;
				PRODUCT_NAME = "$(TARGET_NAME)";
				SKIP_INSTALL = YES;
				SWIFT_EMIT_LOC_STRINGS = YES;
				SWIFT_VERSION = 5.0;
				TARGETED_DEVICE_FAMILY = "1,2";
			};
			name = Debug;
		};
		44684F602A0DA3A50099F628 /* Release */ = {
			isa = XCBuildConfiguration;
			buildSettings = {
				ASSETCATALOG_COMPILER_GLOBAL_ACCENT_COLOR_NAME = AccentColor;
				ASSETCATALOG_COMPILER_WIDGET_BACKGROUND_COLOR_NAME = WidgetBackground;
				CODE_SIGN_STYLE = Automatic;
				CURRENT_PROJECT_VERSION = 1;
				DEVELOPMENT_TEAM = 79LJBK86Y4;
				GENERATE_INFOPLIST_FILE = YES;
				INFOPLIST_FILE = MyWidget/Info.plist;
				INFOPLIST_KEY_CFBundleDisplayName = MyWidget;
				INFOPLIST_KEY_NSHumanReadableCopyright = "";
				LD_RUNPATH_SEARCH_PATHS = (
					"$(inherited)",
					"@executable_path/Frameworks",
					"@executable_path/../../Frameworks",
				);
				MARKETING_VERSION = 1.0;
				PRODUCT_BUNDLE_IDENTIFIER = com.donaldo.WidgetApp.MyWidget;
				PRODUCT_NAME = "$(TARGET_NAME)";
				SKIP_INSTALL = YES;
				SWIFT_EMIT_LOC_STRINGS = YES;
				SWIFT_VERSION = 5.0;
				TARGETED_DEVICE_FAMILY = "1,2";
			};
			name = Release;
		};
/* End XCBuildConfiguration section */

/* Begin XCConfigurationList section */
		44684F332A0DA3260099F628 /* Build configuration list for PBXProject "WidgetApp" */ = {
			isa = XCConfigurationList;
			buildConfigurations = (
				44684F442A0DA3270099F628 /* Debug */,
				44684F452A0DA3270099F628 /* Release */,
			);
			defaultConfigurationIsVisible = 0;
			defaultConfigurationName = Release;
		};
		44684F462A0DA3270099F628 /* Build configuration list for PBXNativeTarget "WidgetApp" */ = {
			isa = XCConfigurationList;
			buildConfigurations = (
				44684F472A0DA3270099F628 /* Debug */,
				44684F482A0DA3270099F628 /* Release */,
			);
			defaultConfigurationIsVisible = 0;
			defaultConfigurationName = Release;
		};
		44684F5E2A0DA3A50099F628 /* Build configuration list for PBXNativeTarget "MyWidgetExtension" */ = {
			isa = XCConfigurationList;
			buildConfigurations = (
				44684F5F2A0DA3A50099F628 /* Debug */,
				44684F602A0DA3A50099F628 /* Release */,
			);
			defaultConfigurationIsVisible = 0;
			defaultConfigurationName = Release;
		};
/* End XCConfigurationList section */
	};
	rootObject = 44684F302A0DA3260099F628 /* Project object */;
}
